
Microsoft Visual Studio Solution File, Format Version 12.00
# Visual Studio Version 17
VisualStudioVersion = 17.3.32922.545
MinimumVisualStudioVersion = 10.0.40219.1
Project("{9A19103F-16F7-4668-BE54-9A1E7A4F7556}") = "MVCApp", "MVCApp\MVCApp.csproj", "{2B810CD4-5A8D-4FF7-B8ED-FBD940A67BBF}"
EndProject
Global
	GlobalSection(SolutionConfigurationPlatforms) = preSolution
		Debug|Any CPU = Debug|Any CPU
		Release|Any CPU = Release|Any CPU
	EndGlobalSection
	GlobalSection(ProjectConfigurationPlatforms) = postSolution
		{2B810CD4-5A8D-4FF7-B8ED-FBD940A67BBF}.Debug|Any CPU.ActiveCfg = Debug|Any CPU
		{2B810CD4-5A8D-4FF7-B8ED-FBD940A67BBF}.Debug|Any CPU.Build.0 = Debug|Any CPU
		{2B810CD4-5A8D-4FF7-B8ED-FBD940A67BBF}.Release|Any CPU.ActiveCfg = Release|Any CPU
		{2B810CD4-5A8D-4FF7-B8ED-FBD940A67BBF}.Release|Any CPU.Build.0 = Release|Any CPU
	EndGlobalSection
	GlobalSection(SolutionProperties) = preSolution
		HideSolutionNode = FALSE
	EndGlobalSection
	GlobalSection(ExtensibilityGlobals) = postSolution
		SolutionGuid = {123A4455-BCB6-428E-A644-A9703BBE1ABC}
	EndGlobalSection
EndGlobal
